{
  "name": "tarjetas_para_estudiar",
  "requires": true,
  "lockfileVersion": 1,
  "dependencies": {
    "react-flippy": {
      "version": "0.1.5",
      "resolved": "https://registry.npmjs.org/react-flippy/-/react-flippy-0.1.5.tgz",
      "integrity": "sha512-y0q9l33YQmASGY7ojcrlY0BzVsCYgThFjXjNL+4C19ws5vEpdKH+PyG5v9ZbLXq2kGArDO921FT7fhFSAX2SMQ=="
    }
  }
}
